
Microsoft Visual Studio Solution File, Format Version 12.00
# Visual Studio 15
VisualStudioVersion = 15.0.26730.12
MinimumVisualStudioVersion = 10.0.40219.1
Project("{FAE04EC0-301F-11D3-BF4B-00C04F79EFBC}") = "Visiner", "Visiner\Visiner.csproj", "{EECEA3C8-5500-4667-A6C8-513F8E554B55}"
EndProject
Global
	GlobalSection(SolutionConfigurationPlatforms) = preSolution
		Debug|Any CPU = Debug|Any CPU
		Release|Any CPU = Release|Any CPU
	EndGlobalSection
	GlobalSection(ProjectConfigurationPlatforms) = postSolution
		{EECEA3C8-5500-4667-A6C8-513F8E554B55}.Debug|Any CPU.ActiveCfg = Debug|Any CPU
		{EECEA3C8-5500-4667-A6C8-513F8E554B55}.Debug|Any CPU.Build.0 = Debug|Any CPU
		{EECEA3C8-5500-4667-A6C8-513F8E554B55}.Release|Any CPU.ActiveCfg = Release|Any CPU
		{EECEA3C8-5500-4667-A6C8-513F8E554B55}.Release|Any CPU.Build.0 = Release|Any CPU
	EndGlobalSection
	GlobalSection(SolutionProperties) = preSolution
		HideSolutionNode = FALSE
	EndGlobalSection
	GlobalSection(ExtensibilityGlobals) = postSolution
		SolutionGuid = {2A6A130F-E1F9-4955-BC06-324824235107}
	EndGlobalSection
EndGlobal
